
Microsoft Visual Studio Solution File, Format Version 12.00
# Visual Studio Version 17
VisualStudioVersion = 17.8.34525.116
MinimumVisualStudioVersion = 10.0.40219.1
Project("{FAE04EC0-301F-11D3-BF4B-00C04F79EFBC}") = "AddStudent_UsingDelegate", "AddStudent_UsingDelegate.csproj", "{E07161C8-A61D-4B60-B17C-DFBBFC1A1761}"
EndProject
Global
	GlobalSection(SolutionConfigurationPlatforms) = preSolution
		Debug|Any CPU = Debug|Any CPU
		Release|Any CPU = Release|Any CPU
	EndGlobalSection
	GlobalSection(ProjectConfigurationPlatforms) = postSolution
		{E07161C8-A61D-4B60-B17C-DFBBFC1A1761}.Debug|Any CPU.ActiveCfg = Debug|Any CPU
		{E07161C8-A61D-4B60-B17C-DFBBFC1A1761}.Debug|Any CPU.Build.0 = Debug|Any CPU
		{E07161C8-A61D-4B60-B17C-DFBBFC1A1761}.Release|Any CPU.ActiveCfg = Release|Any CPU
		{E07161C8-A61D-4B60-B17C-DFBBFC1A1761}.Release|Any CPU.Build.0 = Release|Any CPU
	EndGlobalSection
	GlobalSection(SolutionProperties) = preSolution
		HideSolutionNode = FALSE
	EndGlobalSection
	GlobalSection(ExtensibilityGlobals) = postSolution
		SolutionGuid = {8B4B2CE0-1076-4486-B153-5B4E1989F785}
	EndGlobalSection
EndGlobal
